// !$*UTF8*$!
{
	archiveVersion = 1;
	classes = {
	};
	objectVersion = 46;
	objects = {

/* Begin PBXBuildFile section */
		2A847C34709BE346586FDB01 /* Pods_Quizzation.framework in Frameworks */ = {isa = PBXBuildFile; fileRef = A10350AE962A7E795848B48E /* Pods_Quizzation.framework */; };
		5A180DC21E80456800F9EE1A /* Question.swift in Sources */ = {isa = PBXBuildFile; fileRef = 5A180DC11E80456800F9EE1A /* Question.swift */; };
		5A1D21951E86884F0099B077 /* JSONKeys.swift in Sources */ = {isa = PBXBuildFile; fileRef = 5A1D21941E86884F0099B077 /* JSONKeys.swift */; };
		5A1D44AB1E94D1D70092DBF0 /* NewQuizController.swift in Sources */ = {isa = PBXBuildFile; fileRef = 5A1D44AA1E94D1D70092DBF0 /* NewQuizController.swift */; };
		5A1D5D2C1E87A46C00714BBC /* Quiz.swift in Sources */ = {isa = PBXBuildFile; fileRef = 5A1D5D2B1E87A46C00714BBC /* Quiz.swift */; };
		5A1D5D2E1E88541B00714BBC /* QuizData.swift in Sources */ = {isa = PBXBuildFile; fileRef = 5A1D5D2D1E88541B00714BBC /* QuizData.swift */; };
		5A2041321E96240C00A3D47B /* FormTags.swift in Sources */ = {isa = PBXBuildFile; fileRef = 5A2041311E96240C00A3D47B /* FormTags.swift */; };
		5A2041341E96262F00A3D47B /* QuestionRow.swift in Sources */ = {isa = PBXBuildFile; fileRef = 5A2041331E96262F00A3D47B /* QuestionRow.swift */; };
		5A208A1D1E7E75CB00B1E68D /* AppDelegate.swift in Sources */ = {isa = PBXBuildFile; fileRef = 5A208A1C1E7E75CB00B1E68D /* AppDelegate.swift */; };
		5A208A1F1E7E75CB00B1E68D /* QuizListController.swift in Sources */ = {isa = PBXBuildFile; fileRef = 5A208A1E1E7E75CB00B1E68D /* QuizListController.swift */; };
		5A208A221E7E75CB00B1E68D /* Main.storyboard in Resources */ = {isa = PBXBuildFile; fileRef = 5A208A201E7E75CB00B1E68D /* Main.storyboard */; };
		5A208A271E7E75CB00B1E68D /* Assets.xcassets in Resources */ = {isa = PBXBuildFile; fileRef = 5A208A261E7E75CB00B1E68D /* Assets.xcassets */; };
		5A208A2A1E7E75CB00B1E68D /* LaunchScreen.storyboard in Resources */ = {isa = PBXBuildFile; fileRef = 5A208A281E7E75CB00B1E68D /* LaunchScreen.storyboard */; };
/* End PBXBuildFile section */

/* Begin PBXFileReference section */
		0B591FAF264812C1E2D46E6C /* Pods-Quizzation.debug.xcconfig */ = {isa = PBXFileReference; includeInIndex = 1; lastKnownFileType = text.xcconfig; name = "Pods-Quizzation.debug.xcconfig"; path = "Pods/Target Support Files/Pods-Quizzation/Pods-Quizzation.debug.xcconfig"; sourceTree = "<group>"; };
		5A180DC11E80456800F9EE1A /* Question.swift */ = {isa = PBXFileReference; fileEncoding = 4; lastKnownFileType = sourcecode.swift; path = Question.swift; sourceTree = "<group>"; };
		5A1D21941E86884F0099B077 /* JSONKeys.swift */ = {isa = PBXFileReference; fileEncoding = 4; lastKnownFileType = sourcecode.swift; path = JSONKeys.swift; sourceTree = "<group>"; };
		5A1D44AA1E94D1D70092DBF0 /* NewQuizController.swift */ = {isa = PBXFileReference; fileEncoding = 4; lastKnownFileType = sourcecode.swift; path = NewQuizController.swift; sourceTree = "<group>"; };
		5A1D5D2B1E87A46C00714BBC /* Quiz.swift */ = {isa = PBXFileReference; fileEncoding = 4; lastKnownFileType = sourcecode.swift; path = Quiz.swift; sourceTree = "<group>"; };
		5A1D5D2D1E88541B00714BBC /* QuizData.swift */ = {isa = PBXFileReference; fileEncoding = 4; lastKnownFileType = sourcecode.swift; path = QuizData.swift; sourceTree = "<group>"; };
		5A2041311E96240C00A3D47B /* FormTags.swift */ = {isa = PBXFileReference; fileEncoding = 4; lastKnownFileType = sourcecode.swift; path = FormTags.swift; sourceTree = "<group>"; };
		5A2041331E96262F00A3D47B /* QuestionRow.swift */ = {isa = PBXFileReference; fileEncoding = 4; lastKnownFileType = sourcecode.swift; path = QuestionRow.swift; sourceTree = "<group>"; };
		5A208A191E7E75CB00B1E68D /* Quizzation.app */ = {isa = PBXFileReference; explicitFileType = wrapper.application; includeInIndex = 0; path = Quizzation.app; sourceTree = BUILT_PRODUCTS_DIR; };
		5A208A1C1E7E75CB00B1E68D /* AppDelegate.swift */ = {isa = PBXFileReference; lastKnownFileType = sourcecode.swift; path = AppDelegate.swift; sourceTree = "<group>"; };
		5A208A1E1E7E75CB00B1E68D /* QuizListController.swift */ = {isa = PBXFileReference; lastKnownFileType = sourcecode.swift; path = QuizListController.swift; sourceTree = "<group>"; };
		5A208A211E7E75CB00B1E68D /* Base */ = {isa = PBXFileReference; lastKnownFileType = file.storyboard; name = Base; path = Base.lproj/Main.storyboard; sourceTree = "<group>"; };
		5A208A261E7E75CB00B1E68D /* Assets.xcassets */ = {isa = PBXFileReference; lastKnownFileType = folder.assetcatalog; path = Assets.xcassets; sourceTree = "<group>"; };
		5A208A291E7E75CB00B1E68D /* Base */ = {isa = PBXFileReference; lastKnownFileType = file.storyboard; name = Base; path = Base.lproj/LaunchScreen.storyboard; sourceTree = "<group>"; };
		5A208A2B1E7E75CB00B1E68D /* Info.plist */ = {isa = PBXFileReference; lastKnownFileType = text.plist.xml; path = Info.plist; sourceTree = "<group>"; };
		6FFCFCF9E1397B9EF4FC6687 /* Pods-Quizzation.release.xcconfig */ = {isa = PBXFileReference; includeInIndex = 1; lastKnownFileType = text.xcconfig; name = "Pods-Quizzation.release.xcconfig"; path = "Pods/Target Support Files/Pods-Quizzation/Pods-Quizzation.release.xcconfig"; sourceTree = "<group>"; };
		A10350AE962A7E795848B48E /* Pods_Quizzation.framework */ = {isa = PBXFileReference; explicitFileType = wrapper.framework; includeInIndex = 0; path = Pods_Quizzation.framework; sourceTree = BUILT_PRODUCTS_DIR; };
/* End PBXFileReference section */

/* Begin PBXFrameworksBuildPhase section */
		5A208A161E7E75CB00B1E68D /* Frameworks */ = {
			isa = PBXFrameworksBuildPhase;
			buildActionMask = 2147483647;
			files = (
				2A847C34709BE346586FDB01 /* Pods_Quizzation.framework in Frameworks */,
			);
			runOnlyForDeploymentPostprocessing = 0;
		};
/* End PBXFrameworksBuildPhase section */

/* Begin PBXGroup section */
		38520C0CA21B14A33EB64C27 /* Frameworks */ = {
			isa = PBXGroup;
			children = (
				A10350AE962A7E795848B48E /* Pods_Quizzation.framework */,
			);
			name = Frameworks;
			sourceTree = "<group>";
		};
		5A208A101E7E75CB00B1E68D = {
			isa = PBXGroup;
			children = (
				5A208A1B1E7E75CB00B1E68D /* Quizzation */,
				5A208A1A1E7E75CB00B1E68D /* Products */,
				D6D80CE2E322FCED4F710008 /* Pods */,
				38520C0CA21B14A33EB64C27 /* Frameworks */,
			);
			sourceTree = "<group>";
		};
		5A208A1A1E7E75CB00B1E68D /* Products */ = {
			isa = PBXGroup;
			children = (
				5A208A191E7E75CB00B1E68D /* Quizzation.app */,
			);
			name = Products;
			sourceTree = "<group>";
		};
		5A208A1B1E7E75CB00B1E68D /* Quizzation */ = {
			isa = PBXGroup;
			children = (
				5A208A1C1E7E75CB00B1E68D /* AppDelegate.swift */,
				5A1D44AA1E94D1D70092DBF0 /* NewQuizController.swift */,
				5A208A1E1E7E75CB00B1E68D /* QuizListController.swift */,
				5A180DC11E80456800F9EE1A /* Question.swift */,
				5A1D5D2B1E87A46C00714BBC /* Quiz.swift */,
				5A1D5D2D1E88541B00714BBC /* QuizData.swift */,
				5A2041331E96262F00A3D47B /* QuestionRow.swift */,
				5A1D21941E86884F0099B077 /* JSONKeys.swift */,
				5A2041311E96240C00A3D47B /* FormTags.swift */,
				5A208A201E7E75CB00B1E68D /* Main.storyboard */,
				5A208A261E7E75CB00B1E68D /* Assets.xcassets */,
				5A208A281E7E75CB00B1E68D /* LaunchScreen.storyboard */,
				5A208A2B1E7E75CB00B1E68D /* Info.plist */,
			);
			path = Quizzation;
			sourceTree = "<group>";
		};
		D6D80CE2E322FCED4F710008 /* Pods */ = {
			isa = PBXGroup;
			children = (
				0B591FAF264812C1E2D46E6C /* Pods-Quizzation.debug.xcconfig */,
				6FFCFCF9E1397B9EF4FC6687 /* Pods-Quizzation.release.xcconfig */,
			);
			name = Pods;
			sourceTree = "<group>";
		};
/* End PBXGroup section */

/* Begin PBXNativeTarget section */
		5A208A181E7E75CB00B1E68D /* Quizzation */ = {
			isa = PBXNativeTarget;
			buildConfigurationList = 5A208A2E1E7E75CB00B1E68D /* Build configuration list for PBXNativeTarget "Quizzation" */;
			buildPhases = (
				7185CD42E1E4D708D36872FE /* [CP] Check Pods Manifest.lock */,
				5A208A151E7E75CB00B1E68D /* Sources */,
				5A208A161E7E75CB00B1E68D /* Frameworks */,
				5A208A171E7E75CB00B1E68D /* Resources */,
				CB7DCC7A1EEAF56998A9D279 /* [CP] Embed Pods Frameworks */,
				151E200D713B64DF871231A4 /* [CP] Copy Pods Resources */,
			);
			buildRules = (
			);
			dependencies = (
			);
			name = Quizzation;
			productName = Quizzation;
			productReference = 5A208A191E7E75CB00B1E68D /* Quizzation.app */;
			productType = "com.apple.product-type.application";
		};
/* End PBXNativeTarget section */

/* Begin PBXProject section */
		5A208A111E7E75CB00B1E68D /* Project object */ = {
			isa = PBXProject;
			attributes = {
				LastSwiftUpdateCheck = 0820;
				LastUpgradeCheck = 0820;
				ORGANIZATIONNAME = "Mulang Su";
				TargetAttributes = {
					5A208A181E7E75CB00B1E68D = {
						CreatedOnToolsVersion = 8.2.1;
						DevelopmentTeam = E9MW74DJ4Y;
						ProvisioningStyle = Automatic;
					};
				};
			};
			buildConfigurationList = 5A208A141E7E75CB00B1E68D /* Build configuration list for PBXProject "Quizzation" */;
			compatibilityVersion = "Xcode 3.2";
			developmentRegion = English;
			hasScannedForEncodings = 0;
			knownRegions = (
				en,
				Base,
			);
			mainGroup = 5A208A101E7E75CB00B1E68D;
			productRefGroup = 5A208A1A1E7E75CB00B1E68D /* Products */;
			projectDirPath = "";
			projectRoot = "";
			targets = (
				5A208A181E7E75CB00B1E68D /* Quizzation */,
			);
		};
/* End PBXProject section */

/* Begin PBXResourcesBuildPhase section */
		5A208A171E7E75CB00B1E68D /* Resources */ = {
			isa = PBXResourcesBuildPhase;
			buildActionMask = 2147483647;
			files = (
				5A208A2A1E7E75CB00B1E68D /* LaunchScreen.storyboard in Resources */,
				5A208A271E7E75CB00B1E68D /* Assets.xcassets in Resources */,
				5A208A221E7E75CB00B1E68D /* Main.storyboard in Resources */,
			);
			runOnlyForDeploymentPostprocessing = 0;
		};
/* End PBXResourcesBuildPhase section */

/* Begin PBXShellScriptBuildPhase section */
		151E200D713B64DF871231A4 /* [CP] Copy Pods Resources */ = {
			isa = PBXShellScriptBuildPhase;
			buildActionMask = 2147483647;
			files = (
			);
			inputPaths = (
			);
			name = "[CP] Copy Pods Resources";
			outputPaths = (
			);
			runOnlyForDeploymentPostprocessing = 0;
			shellPath = /bin/sh;
			shellScript = "\"${SRCROOT}/Pods/Target Support Files/Pods-Quizzation/Pods-Quizzation-resources.sh\"\n";
			showEnvVarsInLog = 0;
		};
		7185CD42E1E4D708D36872FE /* [CP] Check Pods Manifest.lock */ = {
			isa = PBXShellScriptBuildPhase;
			buildActionMask = 2147483647;
			files = (
			);
			inputPaths = (
			);
			name = "[CP] Check Pods Manifest.lock";
			outputPaths = (
			);
			runOnlyForDeploymentPostprocessing = 0;
			shellPath = /bin/sh;
			shellScript = "diff \"${PODS_ROOT}/../Podfile.lock\" \"${PODS_ROOT}/Manifest.lock\" > /dev/null\nif [ $? != 0 ] ; then\n    # print error to STDERR\n    echo \"error: The sandbox is not in sync with the Podfile.lock. Run 'pod install' or update your CocoaPods installation.\" >&2\n    exit 1\nfi\n";
			showEnvVarsInLog = 0;
		};
		CB7DCC7A1EEAF56998A9D279 /* [CP] Embed Pods Frameworks */ = {
			isa = PBXShellScriptBuildPhase;
			buildActionMask = 2147483647;
			files = (
			);
			inputPaths = (
			);
			name = "[CP] Embed Pods Frameworks";
			outputPaths = (
			);
			runOnlyForDeploymentPostprocessing = 0;
			shellPath = /bin/sh;
			shellScript = "\"${SRCROOT}/Pods/Target Support Files/Pods-Quizzation/Pods-Quizzation-frameworks.sh\"\n";
			showEnvVarsInLog = 0;
		};
/* End PBXShellScriptBuildPhase section */

/* Begin PBXSourcesBuildPhase section */
		5A208A151E7E75CB00B1E68D /* Sources */ = {
			isa = PBXSourcesBuildPhase;
			buildActionMask = 2147483647;
			files = (
				5A2041341E96262F00A3D47B /* QuestionRow.swift in Sources */,
				5A1D5D2E1E88541B00714BBC /* QuizData.swift in Sources */,
				5A208A1F1E7E75CB00B1E68D /* QuizListController.swift in Sources */,
				5A1D44AB1E94D1D70092DBF0 /* NewQuizController.swift in Sources */,
				5A180DC21E80456800F9EE1A /* Question.swift in Sources */,
				5A2041321E96240C00A3D47B /* FormTags.swift in Sources */,
				5A1D5D2C1E87A46C00714BBC /* Quiz.swift in Sources */,
				5A1D21951E86884F0099B077 /* JSONKeys.swift in Sources */,
				5A208A1D1E7E75CB00B1E68D /* AppDelegate.swift in Sources */,
			);
			runOnlyForDeploymentPostprocessing = 0;
		};
/* End PBXSourcesBuildPhase section */

/* Begin PBXVariantGroup section */
		5A208A201E7E75CB00B1E68D /* Main.storyboard */ = {
			isa = PBXVariantGroup;
			children = (
				5A208A211E7E75CB00B1E68D /* Base */,
			);
			name = Main.storyboard;
			sourceTree = "<group>";
		};
		5A208A281E7E75CB00B1E68D /* LaunchScreen.storyboard */ = {
			isa = PBXVariantGroup;
			children = (
				5A208A291E7E75CB00B1E68D /* Base */,
			);
			name = LaunchScreen.storyboard;
			sourceTree = "<group>";
		};
/* End PBXVariantGroup section */

/* Begin XCBuildConfiguration section */
		5A208A2C1E7E75CB00B1E68D /* Debug */ = {
			isa = XCBuildConfiguration;
			buildSettings = {
				ALWAYS_SEARCH_USER_PATHS = NO;
				CLANG_ANALYZER_NONNULL = YES;
				CLANG_CXX_LANGUAGE_STANDARD = "gnu++0x";
				CLANG_CXX_LIBRARY = "libc++";
				CLANG_ENABLE_MODULES = YES;
				CLANG_ENABLE_OBJC_ARC = YES;
				CLANG_WARN_BOOL_CONVERSION = YES;
				CLANG_WARN_CONSTANT_CONVERSION = YES;
				CLANG_WARN_DIRECT_OBJC_ISA_USAGE = YES_ERROR;
				CLANG_WARN_DOCUMENTATION_COMMENTS = YES;
				CLANG_WARN_EMPTY_BODY = YES;
				CLANG_WARN_ENUM_CONVERSION = YES;
				CLANG_WARN_INFINITE_RECURSION = YES;
				CLANG_WARN_INT_CONVERSION = YES;
				CLANG_WARN_OBJC_ROOT_CLASS = YES_ERROR;
				CLANG_WARN_SUSPICIOUS_MOVE = YES;
				CLANG_WARN_UNREACHABLE_CODE = YES;
				CLANG_WARN__DUPLICATE_METHOD_MATCH = YES;
				"CODE_SIGN_IDENTITY[sdk=iphoneos*]" = "iPhone Developer";
				COPY_PHASE_STRIP = NO;
				DEBUG_INFORMATION_FORMAT = dwarf;
				ENABLE_STRICT_OBJC_MSGSEND = YES;
				ENABLE_TESTABILITY = YES;
				GCC_C_LANGUAGE_STANDARD = gnu99;
				GCC_DYNAMIC_NO_PIC = NO;
				GCC_NO_COMMON_BLOCKS = YES;
				GCC_OPTIMIZATION_LEVEL = 0;
				GCC_PREPROCESSOR_DEFINITIONS = (
					"DEBUG=1",
					"$(inherited)",
				);
				GCC_WARN_64_TO_32_BIT_CONVERSION = YES;
				GCC_WARN_ABOUT_RETURN_TYPE = YES_ERROR;
				GCC_WARN_UNDECLARED_SELECTOR = YES;
				GCC_WARN_UNINITIALIZED_AUTOS = YES_AGGRESSIVE;
				GCC_WARN_UNUSED_FUNCTION = YES;
				GCC_WARN_UNUSED_VARIABLE = YES;
				IPHONEOS_DEPLOYMENT_TARGET = 10.2;
				MTL_ENABLE_DEBUG_INFO = YES;
				ONLY_ACTIVE_ARCH = YES;
				SDKROOT = iphoneos;
				SWIFT_ACTIVE_COMPILATION_CONDITIONS = DEBUG;
				SWIFT_OPTIMIZATION_LEVEL = "-Onone";
				TARGETED_DEVICE_FAMILY = "1,2";
			};
			name = Debug;
		};
		5A208A2D1E7E75CB00B1E68D /* Release */ = {
			isa = XCBuildConfiguration;
			buildSettings = {
				ALWAYS_SEARCH_USER_PATHS = NO;
				CLANG_ANALYZER_NONNULL = YES;
				CLANG_CXX_LANGUAGE_STANDARD = "gnu++0x";
				CLANG_CXX_LIBRARY = "libc++";
				CLANG_ENABLE_MODULES = YES;
				CLANG_ENABLE_OBJC_ARC = YES;
				CLANG_WARN_BOOL_CONVERSION = YES;
				CLANG_WARN_CONSTANT_CONVERSION = YES;
				CLANG_WARN_DIRECT_OBJC_ISA_USAGE = YES_ERROR;
				CLANG_WARN_DOCUMENTATION_COMMENTS = YES;
				CLANG_WARN_EMPTY_BODY = YES;
				CLANG_WARN_ENUM_CONVERSION = YES;
				CLANG_WARN_INFINITE_RECURSION = YES;
				CLANG_WARN_INT_CONVERSION = YES;
				CLANG_WARN_OBJC_ROOT_CLASS = YES_ERROR;
				CLANG_WARN_SUSPICIOUS_MOVE = YES;
				CLANG_WARN_UNREACHABLE_CODE = YES;
				CLANG_WARN__DUPLICATE_METHOD_MATCH = YES;
				"CODE_SIGN_IDENTITY[sdk=iphoneos*]" = "iPhone Developer";
				COPY_PHASE_STRIP = NO;
				DEBUG_INFORMATION_FORMAT = "dwarf-with-dsym";
				ENABLE_NS_ASSERTIONS = NO;
				ENABLE_STRICT_OBJC_MSGSEND = YES;
				GCC_C_LANGUAGE_STANDARD = gnu99;
				GCC_NO_COMMON_BLOCKS = YES;
				GCC_WARN_64_TO_32_BIT_CONVERSION = YES;
				GCC_WARN_ABOUT_RETURN_TYPE = YES_ERROR;
				GCC_WARN_UNDECLARED_SELECTOR = YES;
				GCC_WARN_UNINITIALIZED_AUTOS = YES_AGGRESSIVE;
				GCC_WARN_UNUSED_FUNCTION = YES;
				GCC_WARN_UNUSED_VARIABLE = YES;
				IPHONEOS_DEPLOYMENT_TARGET = 10.2;
				MTL_ENABLE_DEBUG_INFO = NO;
				SDKROOT = iphoneos;
				SWIFT_OPTIMIZATION_LEVEL = "-Owholemodule";
				TARGETED_DEVICE_FAMILY = "1,2";
				VALIDATE_PRODUCT = YES;
			};
			name = Release;
		};
		5A208A2F1E7E75CB00B1E68D /* Debug */ = {
			isa = XCBuildConfiguration;
			baseConfigurationReference = 0B591FAF264812C1E2D46E6C /* Pods-Quizzation.debug.xcconfig */;
			buildSettings = {
				ALWAYS_EMBED_SWIFT_STANDARD_LIBRARIES = YES;
				ASSETCATALOG_COMPILER_APPICON_NAME = AppIcon;
				DEVELOPMENT_TEAM = E9MW74DJ4Y;
				INFOPLIST_FILE = Quizzation/Info.plist;
				IPHONEOS_DEPLOYMENT_TARGET = 8.0;
				LD_RUNPATH_SEARCH_PATHS = "$(inherited) @executable_path/Frameworks";
				PRODUCT_BUNDLE_IDENTIFIER = com.Quizzation;
				PRODUCT_NAME = "$(TARGET_NAME)";
				SWIFT_VERSION = 3.0;
			};
			name = Debug;
		};
		5A208A301E7E75CB00B1E68D /* Release */ = {
			isa = XCBuildConfiguration;
			baseConfigurationReference = 6FFCFCF9E1397B9EF4FC6687 /* Pods-Quizzation.release.xcconfig */;
			buildSettings = {
				ALWAYS_EMBED_SWIFT_STANDARD_LIBRARIES = YES;
				ASSETCATALOG_COMPILER_APPICON_NAME = AppIcon;
				DEVELOPMENT_TEAM = E9MW74DJ4Y;
				INFOPLIST_FILE = Quizzation/Info.plist;
				IPHONEOS_DEPLOYMENT_TARGET = 8.0;
				LD_RUNPATH_SEARCH_PATHS = "$(inherited) @executable_path/Frameworks";
				PRODUCT_BUNDLE_IDENTIFIER = com.Quizzation;
				PRODUCT_NAME = "$(TARGET_NAME)";
				SWIFT_VERSION = 3.0;
			};
			name = Release;
		};
/* End XCBuildConfiguration section */

/* Begin XCConfigurationList section */
		5A208A141E7E75CB00B1E68D /* Build configuration list for PBXProject "Quizzation" */ = {
			isa = XCConfigurationList;
			buildConfigurations = (
				5A208A2C1E7E75CB00B1E68D /* Debug */,
				5A208A2D1E7E75CB00B1E68D /* Release */,
			);
			defaultConfigurationIsVisible = 0;
			defaultConfigurationName = Release;
		};
		5A208A2E1E7E75CB00B1E68D /* Build configuration list for PBXNativeTarget "Quizzation" */ = {
			isa = XCConfigurationList;
			buildConfigurations = (
				5A208A2F1E7E75CB00B1E68D /* Debug */,
				5A208A301E7E75CB00B1E68D /* Release */,
			);
			defaultConfigurationIsVisible = 0;
			defaultConfigurationName = Release;
		};
/* End XCConfigurationList section */
	};
	rootObject = 5A208A111E7E75CB00B1E68D /* Project object */;
}
